
Microsoft Visual Studio Solution File, Format Version 12.00
# Visual Studio Version 16
VisualStudioVersion = 16.0.31229.75
MinimumVisualStudioVersion = 10.0.40219.1
Project("{9A19103F-16F7-4668-BE54-9A1E7A4F7556}") = "TPWeb3", "TPWeb3\TPWeb3.csproj", "{4F306DC7-CD9B-40D0-B315-C679333EFA57}"
EndProject
Project("{9A19103F-16F7-4668-BE54-9A1E7A4F7556}") = "Servicios", "Servicios\Servicios.csproj", "{9B60087A-A087-4F34-B579-AD36EA869D99}"
EndProject
Project("{9A19103F-16F7-4668-BE54-9A1E7A4F7556}") = "Entidades", "Entidades\Entidades.csproj", "{A7D29B3C-8357-467F-935F-174FE317D112}"
EndProject
Project("{FAE04EC0-301F-11D3-BF4B-00C04F79EFBC}") = "TPWeb3API", "TPWeb3API\TPWeb3API.csproj", "{1EF8D3C3-AF69-431B-8D86-E4E75822A953}"
EndProject
Global
	GlobalSection(SolutionConfigurationPlatforms) = preSolution
		Debug|Any CPU = Debug|Any CPU
		Release|Any CPU = Release|Any CPU
	EndGlobalSection
	GlobalSection(ProjectConfigurationPlatforms) = postSolution
		{4F306DC7-CD9B-40D0-B315-C679333EFA57}.Debug|Any CPU.ActiveCfg = Debug|Any CPU
		{4F306DC7-CD9B-40D0-B315-C679333EFA57}.Debug|Any CPU.Build.0 = Debug|Any CPU
		{4F306DC7-CD9B-40D0-B315-C679333EFA57}.Release|Any CPU.ActiveCfg = Release|Any CPU
		{4F306DC7-CD9B-40D0-B315-C679333EFA57}.Release|Any CPU.Build.0 = Release|Any CPU
		{9B60087A-A087-4F34-B579-AD36EA869D99}.Debug|Any CPU.ActiveCfg = Debug|Any CPU
		{9B60087A-A087-4F34-B579-AD36EA869D99}.Debug|Any CPU.Build.0 = Debug|Any CPU
		{9B60087A-A087-4F34-B579-AD36EA869D99}.Release|Any CPU.ActiveCfg = Release|Any CPU
		{9B60087A-A087-4F34-B579-AD36EA869D99}.Release|Any CPU.Build.0 = Release|Any CPU
		{A7D29B3C-8357-467F-935F-174FE317D112}.Debug|Any CPU.ActiveCfg = Debug|Any CPU
		{A7D29B3C-8357-467F-935F-174FE317D112}.Debug|Any CPU.Build.0 = Debug|Any CPU
		{A7D29B3C-8357-467F-935F-174FE317D112}.Release|Any CPU.ActiveCfg = Release|Any CPU
		{A7D29B3C-8357-467F-935F-174FE317D112}.Release|Any CPU.Build.0 = Release|Any CPU
		{1EF8D3C3-AF69-431B-8D86-E4E75822A953}.Debug|Any CPU.ActiveCfg = Debug|Any CPU
		{1EF8D3C3-AF69-431B-8D86-E4E75822A953}.Debug|Any CPU.Build.0 = Debug|Any CPU
		{1EF8D3C3-AF69-431B-8D86-E4E75822A953}.Release|Any CPU.ActiveCfg = Release|Any CPU
		{1EF8D3C3-AF69-431B-8D86-E4E75822A953}.Release|Any CPU.Build.0 = Release|Any CPU
	EndGlobalSection
	GlobalSection(SolutionProperties) = preSolution
		HideSolutionNode = FALSE
	EndGlobalSection
	GlobalSection(ExtensibilityGlobals) = postSolution
		SolutionGuid = {4F1B3B16-3019-444E-8484-527421D5AD07}
	EndGlobalSection
EndGlobal
